github.com/HugoBlox/hugo-blox-builder/modules/blox-analytics v0.2.0 h1:eS05pTNTa9pYpRalBTBt7EgcB4XRPnkSyTFfOmB7/Aw=
github.com/HugoBlox/hugo-blox-builder/modules/blox-analytics v0.2.0/go.mod h1:0YQtVvRLCzZOpPmbVNk7WDx8t19/QfRTFO+pwyqQNk8=
github.com/HugoBlox/hugo-blox-builder/modules/blox-plugin-netlify v1.1.2 h1:rgavbaIjA9ki73sJ9OkE/yIdUYF2AJALs6NzCg6kC60=
github.com/HugoBlox/hugo-blox-builder/modules/blox-plugin-netlify v1.1.2/go.mod h1:C7jfxMLv1bEUqbM9XDSmEpfOpS8w06OgqNDEcbuRgL4=
github.com/HugoBlox/hugo-blox-builder/modules/blox-tailwind v0.7.0 h1:B5VfE7FurdZEn/q/obTruHfcULaYF9Teexprtt98ndE=
github.com/HugoBlox/hugo-blox-builder/modules/blox-tailwind v0.7.0/go.mod h1:iiKLoehg9IqQd0R4jUfhl+wvJCiXPNgV88A/V8iKSLY=
github.com/sjaconsulting/contact-hugo-blox v0.0.0-20250921060653-2ffe50315c53 h1:Yb7+s+uQUWdH22Rh7VxaD61z7w7bqYEZkDsnP0c1zIw=
github.com/sjaconsulting/contact-hugo-blox v0.0.0-20250921060653-2ffe50315c53/go.mod h1:KDyAltl3lA0GEoz0Fv8QnmYxt6Ns++KRGSjVyHnLpu8=
